
Microsoft Visual Studio Solution File, Format Version 12.00
# Visual Studio Version 16
VisualStudioVersion = 16.0.31321.278
MinimumVisualStudioVersion = 10.0.40219.1
Project("{FAE04EC0-301F-11D3-BF4B-00C04F79EFBC}") = "CodeKatas", "CodeKatas\CodeKatas.csproj", "{5236BF03-F585-4506-B3A5-F8C2A05110D8}"
EndProject
Project("{FAE04EC0-301F-11D3-BF4B-00C04F79EFBC}") = "CodeKatasTests", "CodeKatasTests\CodeKatasTests.csproj", "{AA0D24DF-95EB-475C-805D-16A16C9FF364}"
EndProject
Global
	GlobalSection(SolutionConfigurationPlatforms) = preSolution
		Debug|Any CPU = Debug|Any CPU
		Release|Any CPU = Release|Any CPU
	EndGlobalSection
	GlobalSection(ProjectConfigurationPlatforms) = postSolution
		{5236BF03-F585-4506-B3A5-F8C2A05110D8}.Debug|Any CPU.ActiveCfg = Debug|Any CPU
		{5236BF03-F585-4506-B3A5-F8C2A05110D8}.Debug|Any CPU.Build.0 = Debug|Any CPU
		{5236BF03-F585-4506-B3A5-F8C2A05110D8}.Release|Any CPU.ActiveCfg = Release|Any CPU
		{5236BF03-F585-4506-B3A5-F8C2A05110D8}.Release|Any CPU.Build.0 = Release|Any CPU
		{AA0D24DF-95EB-475C-805D-16A16C9FF364}.Debug|Any CPU.ActiveCfg = Debug|Any CPU
		{AA0D24DF-95EB-475C-805D-16A16C9FF364}.Debug|Any CPU.Build.0 = Debug|Any CPU
		{AA0D24DF-95EB-475C-805D-16A16C9FF364}.Release|Any CPU.ActiveCfg = Release|Any CPU
		{AA0D24DF-95EB-475C-805D-16A16C9FF364}.Release|Any CPU.Build.0 = Release|Any CPU
	EndGlobalSection
	GlobalSection(SolutionProperties) = preSolution
		HideSolutionNode = FALSE
	EndGlobalSection
	GlobalSection(ExtensibilityGlobals) = postSolution
		SolutionGuid = {F026E76B-37BE-4C2F-AC38-AB6F1074B318}
	EndGlobalSection
EndGlobal
